
Microsoft Visual Studio Solution File, Format Version 12.00
# Visual Studio 15
VisualStudioVersion = 15.0.28307.902
MinimumVisualStudioVersion = 10.0.40219.1
Project("{FAE04EC0-301F-11D3-BF4B-00C04F79EFBC}") = "SitComTech.API", "SitComTech.API\SitComTech.API.csproj", "{72D38EF4-BDB6-466D-8749-527CA38A28F4}"
EndProject
Project("{FAE04EC0-301F-11D3-BF4B-00C04F79EFBC}") = "SitComTech.Core", "SitComTech.Core\SitComTech.Core.csproj", "{ED387F81-53C4-41D7-8F87-A4AA33353F08}"
EndProject
Project("{FAE04EC0-301F-11D3-BF4B-00C04F79EFBC}") = "SitComTech.Data", "SitComTech.Data\SitComTech.Data.csproj", "{712B9AFF-8C02-49A1-AA23-92CAE9249EF6}"
EndProject
Project("{FAE04EC0-301F-11D3-BF4B-00C04F79EFBC}") = "SitComTech.Domain", "SitComTech.Domain\SitComTech.Domain.csproj", "{7669C3A4-AEE3-4686-9CAA-67DC6C3B0C19}"
EndProject
Project("{FAE04EC0-301F-11D3-BF4B-00C04F79EFBC}") = "SitComTech.Model", "SitComTech.Model\SitComTech.Model.csproj", "{B3AFCFEF-1CFE-4CC7-A699-7A6125F52275}"
EndProject
Project("{FAE04EC0-301F-11D3-BF4B-00C04F79EFBC}") = "SitComTrade.Web", "SitComTrade.Web\SitComTrade.Web.csproj", "{F872FA08-7F57-4042-B3EC-EA4195816D24}"
EndProject
Global
	GlobalSection(SolutionConfigurationPlatforms) = preSolution
		Debug|Any CPU = Debug|Any CPU
		Release|Any CPU = Release|Any CPU
	EndGlobalSection
	GlobalSection(ProjectConfigurationPlatforms) = postSolution
		{72D38EF4-BDB6-466D-8749-527CA38A28F4}.Debug|Any CPU.ActiveCfg = Debug|Any CPU
		{72D38EF4-BDB6-466D-8749-527CA38A28F4}.Debug|Any CPU.Build.0 = Debug|Any CPU
		{72D38EF4-BDB6-466D-8749-527CA38A28F4}.Release|Any CPU.ActiveCfg = Release|Any CPU
		{72D38EF4-BDB6-466D-8749-527CA38A28F4}.Release|Any CPU.Build.0 = Release|Any CPU
		{ED387F81-53C4-41D7-8F87-A4AA33353F08}.Debug|Any CPU.ActiveCfg = Debug|Any CPU
		{ED387F81-53C4-41D7-8F87-A4AA33353F08}.Debug|Any CPU.Build.0 = Debug|Any CPU
		{ED387F81-53C4-41D7-8F87-A4AA33353F08}.Release|Any CPU.ActiveCfg = Release|Any CPU
		{ED387F81-53C4-41D7-8F87-A4AA33353F08}.Release|Any CPU.Build.0 = Release|Any CPU
		{712B9AFF-8C02-49A1-AA23-92CAE9249EF6}.Debug|Any CPU.ActiveCfg = Debug|Any CPU
		{712B9AFF-8C02-49A1-AA23-92CAE9249EF6}.Debug|Any CPU.Build.0 = Debug|Any CPU
		{712B9AFF-8C02-49A1-AA23-92CAE9249EF6}.Release|Any CPU.ActiveCfg = Release|Any CPU
		{712B9AFF-8C02-49A1-AA23-92CAE9249EF6}.Release|Any CPU.Build.0 = Release|Any CPU
		{7669C3A4-AEE3-4686-9CAA-67DC6C3B0C19}.Debug|Any CPU.ActiveCfg = Debug|Any CPU
		{7669C3A4-AEE3-4686-9CAA-67DC6C3B0C19}.Debug|Any CPU.Build.0 = Debug|Any CPU
		{7669C3A4-AEE3-4686-9CAA-67DC6C3B0C19}.Release|Any CPU.ActiveCfg = Release|Any CPU
		{7669C3A4-AEE3-4686-9CAA-67DC6C3B0C19}.Release|Any CPU.Build.0 = Release|Any CPU
		{B3AFCFEF-1CFE-4CC7-A699-7A6125F52275}.Debug|Any CPU.ActiveCfg = Debug|Any CPU
		{B3AFCFEF-1CFE-4CC7-A699-7A6125F52275}.Debug|Any CPU.Build.0 = Debug|Any CPU
		{B3AFCFEF-1CFE-4CC7-A699-7A6125F52275}.Release|Any CPU.ActiveCfg = Release|Any CPU
		{B3AFCFEF-1CFE-4CC7-A699-7A6125F52275}.Release|Any CPU.Build.0 = Release|Any CPU
		{F872FA08-7F57-4042-B3EC-EA4195816D24}.Debug|Any CPU.ActiveCfg = Debug|Any CPU
		{F872FA08-7F57-4042-B3EC-EA4195816D24}.Debug|Any CPU.Build.0 = Debug|Any CPU
		{F872FA08-7F57-4042-B3EC-EA4195816D24}.Release|Any CPU.ActiveCfg = Release|Any CPU
		{F872FA08-7F57-4042-B3EC-EA4195816D24}.Release|Any CPU.Build.0 = Release|Any CPU
	EndGlobalSection
	GlobalSection(SolutionProperties) = preSolution
		HideSolutionNode = FALSE
	EndGlobalSection
	GlobalSection(ExtensibilityGlobals) = postSolution
		SolutionGuid = {D8D7C4D8-0FBF-4B58-8BB2-EE65FF993DCF}
	EndGlobalSection
EndGlobal
